{
  "version": 4,
  "terraform_version": "1.15.2",
  "serial": 63,
  "lineage": "89365245-9b35-b64e-b25c-b3aaf84f6c39",
  "outputs": {},
  "resources": [
    {
      "mode": "data",
      "type": "openstack_images_image_v2",
      "name": "centos_current",
      "provider": "provider[\"registry.terraform.io/terraform-provider-openstack/openstack\"]",
      "instances": [
        {
          "schema_version": 0,
          "attributes": {
            "checksum": "adcfeec4d725d7b11402a0bac478b719",
            "container_format": "bare",
            "created_at": "2026-05-11T09:13:09Z",
            "disk_format": "qcow2",
            "file": "/v2/images/37fc6af2-2404-4904-af09-ea155adf81c1/file",
            "hidden": false,
            "id": "37fc6af2-2404-4904-af09-ea155adf81c1",
            "member_status": null,
            "metadata": {},
            "min_disk_gb": 0,
            "min_ram_mb": 0,
            "most_recent": true,
            "name": "Ubuntu-24.04",
            "name_regex": null,
            "owner": "07cf819c1db84b96b6eba23b250bb723",
            "properties": {
              "os_hash_algo": "sha512",
              "os_hash_value": "56df55abfbe3360dcfbc597e84cda896bebc08a32ffd25efbba24849060a29bcb63729487c9c2833cd9a3d4161e12af910af626fde0313b74dd2f4d1002563ec",
              "owner_specified.openstack.md5": "",
              "owner_specified.openstack.object": "images/Ubuntu-24.04",
              "owner_specified.openstack.sha256": ""
            },
            "protected": false,
            "region": "RegionOne",
            "schema": "/v2/schemas/image",
            "size_bytes": 629987328,
            "size_max": null,
            "size_min": null,
            "sort": "name:asc",
            "tag": null,
            "tags": [],
            "updated_at": "2026-05-11T09:13:14Z",
            "visibility": "public"
          },
          "sensitive_attributes": [],
          "identity_schema_version": 0
        }
      ]
    },
    {
      "mode": "managed",
      "type": "openstack_blockstorage_volume_v3",
      "name": "db",
      "provider": "provider[\"registry.terraform.io/terraform-provider-openstack/openstack\"]",
      "instances": [
        {
          "schema_version": 0,
          "attributes": {
            "attachment": [
              {
                "device": "/dev/vdb",
                "id": "d2884727-2e76-4912-ad52-029d753b809e",
                "instance_id": "cd589388-a34f-4af9-a964-489c1cbf3bac"
              }
            ],
            "availability_zone": "nova",
            "backup_id": "",
            "consistency_group_id": null,
            "description": "",
            "enable_online_resize": null,
            "id": "d2884727-2e76-4912-ad52-029d753b809e",
            "image_id": null,
            "metadata": {},
            "name": "volume-db",
            "region": "RegionOne",
            "scheduler_hints": [],
            "size": 15,
            "snapshot_id": "",
            "source_replica": null,
            "source_vol_id": "",
            "timeouts": null,
            "volume_retype_policy": "never",
            "volume_type": "lvmdriver-1"
          },
          "sensitive_attributes": [],
          "identity_schema_version": 0,
          "private": "eyJlMmJmYjczMC1lY2FhLTExZTYtOGY4OC0zNDM2M2JjN2M0YzAiOnsiY3JlYXRlIjo2MDAwMDAwMDAwMDAsImRlbGV0ZSI6NjAwMDAwMDAwMDAwfX0="
        }
      ]
    },
    {
      "mode": "managed",
      "type": "openstack_compute_instance_v2",
      "name": "db",
      "provider": "provider[\"registry.terraform.io/terraform-provider-openstack/openstack\"]",
      "instances": [
        {
          "schema_version": 0,
          "attributes": {
            "access_ip_v4": "192.168.1.29",
            "access_ip_v6": "",
            "admin_pass": null,
            "all_metadata": {},
            "all_tags": [],
            "availability_zone": "nova",
            "availability_zone_hints": null,
            "block_device": [],
            "config_drive": null,
            "created": "2026-05-11 15:31:12 +0000 UTC",
            "flavor_id": "2",
            "flavor_name": "m1.small",
            "force_delete": false,
            "hypervisor_hostname": "",
            "id": "cd589388-a34f-4af9-a964-489c1cbf3bac",
            "image_id": "37fc6af2-2404-4904-af09-ea155adf81c1",
            "image_name": "Ubuntu-24.04",
            "key_pair": "user-key",
            "metadata": null,
            "name": "front01",
            "network": [
              {
                "access_network": false,
                "fixed_ip_v4": "192.168.1.29",
                "fixed_ip_v6": "",
                "mac": "fa:16:3e:f9:a2:fa",
                "name": "network-generic",
                "port": "1610eee9-d06e-408f-930c-4c8b37cc6e62",
                "uuid": "73b5025b-2bda-4ebc-8135-d4c02ca14c02"
              }
            ],
            "network_mode": null,
            "personality": [],
            "power_state": "active",
            "region": "RegionOne",
            "scheduler_hints": [],
            "security_groups": [
              "db",
              "ssh"
            ],
            "stop_before_destroy": false,
            "tags": [],
            "timeouts": null,
            "updated": "2026-05-11 15:31:30 +0000 UTC",
            "user_data": "62a1e17a8ab950e59e56563ebf327d9a14520575",
            "vendor_options": []
          },
          "sensitive_attributes": [
            [
              {
                "type": "get_attr",
                "value": "admin_pass"
              }
            ]
          ],
          "identity_schema_version": 0,
          "private": "eyJlMmJmYjczMC1lY2FhLTExZTYtOGY4OC0zNDM2M2JjN2M0YzAiOnsiY3JlYXRlIjoxODAwMDAwMDAwMDAwLCJkZWxldGUiOjE4MDAwMDAwMDAwMDAsInVwZGF0ZSI6MTgwMDAwMDAwMDAwMH19",
          "dependencies": [
            "openstack_compute_keypair_v2.user_key",
            "openstack_networking_network_v2.generic",
            "openstack_networking_port_v2.db",
            "openstack_networking_secgroup_v2.db",
            "openstack_networking_secgroup_v2.ssh",
            "openstack_networking_subnet_v2.http"
          ]
        }
      ]
    },
    {
      "mode": "managed",
      "type": "openstack_compute_instance_v2",
      "name": "http",
      "provider": "provider[\"registry.terraform.io/terraform-provider-openstack/openstack\"]",
      "instances": [
        {
          "schema_version": 0,
          "attributes": {
            "access_ip_v4": "192.168.1.208",
            "access_ip_v6": "",
            "admin_pass": null,
            "all_metadata": {},
            "all_tags": [],
            "availability_zone": "nova",
            "availability_zone_hints": null,
            "block_device": [
              {
                "boot_index": 0,
                "delete_on_termination": true,
                "destination_type": "volume",
                "device_type": "",
                "disk_bus": "",
                "guest_format": "",
                "multiattach": false,
                "source_type": "image",
                "uuid": "37fc6af2-2404-4904-af09-ea155adf81c1",
                "volume_size": 10,
                "volume_type": ""
              }
            ],
            "config_drive": null,
            "created": "2026-05-11 15:36:56 +0000 UTC",
            "flavor_id": "2",
            "flavor_name": "m1.small",
            "force_delete": false,
            "hypervisor_hostname": "",
            "id": "70c1d68c-10b0-4a73-81d8-b66500281152",
            "image_id": "Attempt to boot from volume - no image supplied",
            "image_name": "Ubuntu-24.04",
            "key_pair": "user-key",
            "metadata": null,
            "name": "http-instance",
            "network": [
              {
                "access_network": false,
                "fixed_ip_v4": "192.168.1.208",
                "fixed_ip_v6": "",
                "mac": "fa:16:3e:60:2d:04",
                "name": "network-generic",
                "port": "ead42349-221c-43ba-a058-eb1d1c18d102",
                "uuid": "73b5025b-2bda-4ebc-8135-d4c02ca14c02"
              }
            ],
            "network_mode": null,
            "personality": [],
            "power_state": "active",
            "region": "RegionOne",
            "scheduler_hints": [],
            "security_groups": [
              "http",
              "ssh"
            ],
            "stop_before_destroy": false,
            "tags": null,
            "timeouts": null,
            "updated": "2026-05-11 15:37:24 +0000 UTC",
            "user_data": "62a1e17a8ab950e59e56563ebf327d9a14520575",
            "vendor_options": []
          },
          "sensitive_attributes": [
            [
              {
                "type": "get_attr",
                "value": "admin_pass"
              }
            ]
          ],
          "identity_schema_version": 0,
          "private": "eyJlMmJmYjczMC1lY2FhLTExZTYtOGY4OC0zNDM2M2JjN2M0YzAiOnsiY3JlYXRlIjoxODAwMDAwMDAwMDAwLCJkZWxldGUiOjE4MDAwMDAwMDAwMDAsInVwZGF0ZSI6MTgwMDAwMDAwMDAwMH19",
          "dependencies": [
            "data.openstack_images_image_v2.centos_current",
            "openstack_compute_keypair_v2.user_key",
            "openstack_networking_network_v2.generic",
            "openstack_networking_port_v2.http",
            "openstack_networking_secgroup_v2.http",
            "openstack_networking_secgroup_v2.ssh",
            "openstack_networking_subnet_v2.http"
          ]
        }
      ]
    },
    {
      "mode": "managed",
      "type": "openstack_compute_keypair_v2",
      "name": "user_key",
      "provider": "provider[\"registry.terraform.io/terraform-provider-openstack/openstack\"]",
      "instances": [
        {
          "schema_version": 0,
          "attributes": {
            "fingerprint": "b4:da:eb:35:aa:b7:b7:ad:86:ab:84:15:aa:f5:fc:52",
            "id": "user-key",
            "name": "user-key",
            "private_key": "",
            "public_key": "ssh-rsa AAAAB3NzaC1yc2EAAAADAQABAAABAQC5Jj+Ut65HnV7Wfv+EVG5zPjD/NI6eUJdUfPapuzNrVvkVPsgzQieSmJPyypg/hF+Du35PnK+hQ57kodpOu+5VClmGz9DuN0CqqgoBiZqax7uutQo/9DOmfJFm88v7tpA9FG8Hd3rx0GFoJ0MueSyFf8JyR0Lo0HhkoFHcskOMg3fQ8ISdTy3OK099XxrgTafUDoWLwTSHFSWEixGRu8L4QI9MRGNO9GgAfaDxddOFovCEbEGa4BFnTdOgazu6th6Brbb5liUCAMSiRr5q7EQHHEPLvl1iUTLT4WPMo3BR/HmolNyrP0arSWrPZfRg/ZRKAUfaUt/rIIiuadT/Z4Ez gtaffoni@amonra",
            "region": "RegionOne",
            "user_id": "",
            "value_specs": null
          },
          "sensitive_attributes": [
            [
              {
                "type": "get_attr",
                "value": "private_key"
              }
            ]
          ],
          "identity_schema_version": 0,
          "private": "bnVsbA=="
        }
      ]
    },
    {
      "mode": "managed",
      "type": "openstack_compute_volume_attach_v2",
      "name": "db",
      "provider": "provider[\"registry.terraform.io/terraform-provider-openstack/openstack\"]",
      "instances": [
        {
          "schema_version": 0,
          "attributes": {
            "device": "/dev/vdb",
            "id": "cd589388-a34f-4af9-a964-489c1cbf3bac/d2884727-2e76-4912-ad52-029d753b809e",
            "instance_id": "cd589388-a34f-4af9-a964-489c1cbf3bac",
            "multiattach": null,
            "region": "RegionOne",
            "tag": null,
            "timeouts": null,
            "vendor_options": [],
            "volume_id": "d2884727-2e76-4912-ad52-029d753b809e"
          },
          "sensitive_attributes": [],
          "identity_schema_version": 0,
          "private": "eyJlMmJmYjczMC1lY2FhLTExZTYtOGY4OC0zNDM2M2JjN2M0YzAiOnsiY3JlYXRlIjo2MDAwMDAwMDAwMDAsImRlbGV0ZSI6NjAwMDAwMDAwMDAwfX0=",
          "dependencies": [
            "openstack_blockstorage_volume_v3.db",
            "openstack_compute_instance_v2.db",
            "openstack_compute_keypair_v2.user_key",
            "openstack_networking_network_v2.generic",
            "openstack_networking_port_v2.db",
            "openstack_networking_secgroup_v2.db",
            "openstack_networking_secgroup_v2.ssh",
            "openstack_networking_subnet_v2.http"
          ]
        }
      ]
    },
    {
      "mode": "managed",
      "type": "openstack_networking_floatingip_associate_v2",
      "name": "db",
      "provider": "provider[\"registry.terraform.io/terraform-provider-openstack/openstack\"]",
      "instances": [
        {
          "schema_version": 0,
          "attributes": {
            "fixed_ip": "192.168.1.29",
            "floating_ip": "172.24.4.58",
            "id": "f22fa916-d466-4893-999c-7caa2338df7b",
            "port_id": "1610eee9-d06e-408f-930c-4c8b37cc6e62",
            "region": "RegionOne"
          },
          "sensitive_attributes": [],
          "identity_schema_version": 0,
          "private": "bnVsbA==",
          "dependencies": [
            "openstack_networking_floatingip_v2.db",
            "openstack_networking_network_v2.generic",
            "openstack_networking_port_v2.db",
            "openstack_networking_secgroup_v2.db",
            "openstack_networking_secgroup_v2.ssh",
            "openstack_networking_subnet_v2.http"
          ]
        }
      ]
    },
    {
      "mode": "managed",
      "type": "openstack_networking_floatingip_associate_v2",
      "name": "http",
      "provider": "provider[\"registry.terraform.io/terraform-provider-openstack/openstack\"]",
      "instances": [
        {
          "schema_version": 0,
          "attributes": {
            "fixed_ip": "192.168.1.208",
            "floating_ip": "172.24.4.63",
            "id": "d5d030ff-717a-4432-85a2-dd613ffaa014",
            "port_id": "ead42349-221c-43ba-a058-eb1d1c18d102",
            "region": "RegionOne"
          },
          "sensitive_attributes": [],
          "identity_schema_version": 0,
          "private": "bnVsbA==",
          "dependencies": [
            "openstack_networking_floatingip_v2.http",
            "openstack_networking_network_v2.generic",
            "openstack_networking_port_v2.http",
            "openstack_networking_secgroup_v2.http",
            "openstack_networking_secgroup_v2.ssh",
            "openstack_networking_subnet_v2.http"
          ]
        }
      ]
    },
    {
      "mode": "managed",
      "type": "openstack_networking_floatingip_v2",
      "name": "db",
      "provider": "provider[\"registry.terraform.io/terraform-provider-openstack/openstack\"]",
      "instances": [
        {
          "schema_version": 0,
          "attributes": {
            "address": "172.24.4.58",
            "all_tags": [],
            "description": "",
            "dns_domain": "",
            "dns_name": "",
            "fixed_ip": "192.168.1.29",
            "id": "f22fa916-d466-4893-999c-7caa2338df7b",
            "pool": "public",
            "port_id": "1610eee9-d06e-408f-930c-4c8b37cc6e62",
            "region": "RegionOne",
            "subnet_id": null,
            "subnet_ids": null,
            "tags": [],
            "tenant_id": "2b51f7f4064248619443e046c7b46f85",
            "timeouts": null,
            "value_specs": null
          },
          "sensitive_attributes": [],
          "identity_schema_version": 0,
          "private": "eyJlMmJmYjczMC1lY2FhLTExZTYtOGY4OC0zNDM2M2JjN2M0YzAiOnsiY3JlYXRlIjo2MDAwMDAwMDAwMDAsImRlbGV0ZSI6NjAwMDAwMDAwMDAwfX0="
        }
      ]
    },
    {
      "mode": "managed",
      "type": "openstack_networking_floatingip_v2",
      "name": "http",
      "provider": "provider[\"registry.terraform.io/terraform-provider-openstack/openstack\"]",
      "instances": [
        {
          "schema_version": 0,
          "attributes": {
            "address": "172.24.4.63",
            "all_tags": [],
            "description": "",
            "dns_domain": "",
            "dns_name": "",
            "fixed_ip": "192.168.1.208",
            "id": "d5d030ff-717a-4432-85a2-dd613ffaa014",
            "pool": "public",
            "port_id": "ead42349-221c-43ba-a058-eb1d1c18d102",
            "region": "RegionOne",
            "subnet_id": null,
            "subnet_ids": null,
            "tags": [],
            "tenant_id": "2b51f7f4064248619443e046c7b46f85",
            "timeouts": null,
            "value_specs": null
          },
          "sensitive_attributes": [],
          "identity_schema_version": 0,
          "private": "eyJlMmJmYjczMC1lY2FhLTExZTYtOGY4OC0zNDM2M2JjN2M0YzAiOnsiY3JlYXRlIjo2MDAwMDAwMDAwMDAsImRlbGV0ZSI6NjAwMDAwMDAwMDAwfX0="
        }
      ]
    },
    {
      "mode": "managed",
      "type": "openstack_networking_network_v2",
      "name": "generic",
      "provider": "provider[\"registry.terraform.io/terraform-provider-openstack/openstack\"]",
      "instances": [
        {
          "schema_version": 0,
          "attributes": {
            "admin_state_up": true,
            "all_tags": [],
            "availability_zone_hints": [],
            "description": "",
            "dns_domain": "",
            "external": false,
            "id": "73b5025b-2bda-4ebc-8135-d4c02ca14c02",
            "mtu": 1442,
            "name": "network-generic",
            "port_security_enabled": true,
            "qos_policy_id": "",
            "region": "RegionOne",
            "segments": [],
            "shared": false,
            "tags": [],
            "tenant_id": "2b51f7f4064248619443e046c7b46f85",
            "timeouts": null,
            "transparent_vlan": false,
            "value_specs": null
          },
          "sensitive_attributes": [],
          "identity_schema_version": 0,
          "private": "eyJlMmJmYjczMC1lY2FhLTExZTYtOGY4OC0zNDM2M2JjN2M0YzAiOnsiY3JlYXRlIjo2MDAwMDAwMDAwMDAsImRlbGV0ZSI6NjAwMDAwMDAwMDAwfX0="
        }
      ]
    },
    {
      "mode": "managed",
      "type": "openstack_networking_port_v2",
      "name": "db",
      "provider": "provider[\"registry.terraform.io/terraform-provider-openstack/openstack\"]",
      "instances": [
        {
          "schema_version": 0,
          "attributes": {
            "admin_state_up": true,
            "all_fixed_ips": [
              "192.168.1.29"
            ],
            "all_security_group_ids": [
              "5761756d-8bae-408f-8bb9-bb7861fa27d8",
              "8276130f-1062-4af5-9365-b46d04bc2961"
            ],
            "all_tags": [],
            "allowed_address_pairs": [],
            "binding": [
              {
                "host_id": "",
                "profile": "",
                "vif_details": {},
                "vif_type": "",
                "vnic_type": "normal"
              }
            ],
            "description": "",
            "device_id": "cd589388-a34f-4af9-a964-489c1cbf3bac",
            "device_owner": "compute:nova",
            "dns_assignment": [],
            "dns_name": "",
            "extra_dhcp_option": [],
            "fixed_ip": [
              {
                "ip_address": "",
                "subnet_id": "480dff58-189b-4e20-b436-85f3ca53dd62"
              }
            ],
            "id": "1610eee9-d06e-408f-930c-4c8b37cc6e62",
            "mac_address": "fa:16:3e:f9:a2:fa",
            "name": "port-instance-db",
            "network_id": "73b5025b-2bda-4ebc-8135-d4c02ca14c02",
            "no_fixed_ip": null,
            "no_security_groups": null,
            "port_security_enabled": true,
            "qos_policy_id": "",
            "region": "RegionOne",
            "security_group_ids": [
              "5761756d-8bae-408f-8bb9-bb7861fa27d8",
              "8276130f-1062-4af5-9365-b46d04bc2961"
            ],
            "tags": [],
            "tenant_id": "2b51f7f4064248619443e046c7b46f85",
            "timeouts": null,
            "value_specs": null
          },
          "sensitive_attributes": [],
          "identity_schema_version": 0,
          "private": "eyJlMmJmYjczMC1lY2FhLTExZTYtOGY4OC0zNDM2M2JjN2M0YzAiOnsiY3JlYXRlIjo2MDAwMDAwMDAwMDAsImRlbGV0ZSI6NjAwMDAwMDAwMDAwfX0=",
          "dependencies": [
            "openstack_networking_network_v2.generic",
            "openstack_networking_secgroup_v2.db",
            "openstack_networking_secgroup_v2.ssh",
            "openstack_networking_subnet_v2.http"
          ]
        }
      ]
    },
    {
      "mode": "managed",
      "type": "openstack_networking_port_v2",
      "name": "http",
      "provider": "provider[\"registry.terraform.io/terraform-provider-openstack/openstack\"]",
      "instances": [
        {
          "schema_version": 0,
          "attributes": {
            "admin_state_up": true,
            "all_fixed_ips": [
              "192.168.1.208"
            ],
            "all_security_group_ids": [
              "8276130f-1062-4af5-9365-b46d04bc2961",
              "f1e44b52-1857-4833-b9ca-6bc080e6c1a7"
            ],
            "all_tags": [],
            "allowed_address_pairs": [],
            "binding": [
              {
                "host_id": "",
                "profile": "",
                "vif_details": {},
                "vif_type": "",
                "vnic_type": "normal"
              }
            ],
            "description": "",
            "device_id": "",
            "device_owner": "",
            "dns_assignment": [],
            "dns_name": "",
            "extra_dhcp_option": [],
            "fixed_ip": [
              {
                "ip_address": "",
                "subnet_id": "480dff58-189b-4e20-b436-85f3ca53dd62"
              }
            ],
            "id": "ead42349-221c-43ba-a058-eb1d1c18d102",
            "mac_address": "fa:16:3e:60:2d:04",
            "name": "port-instance-http",
            "network_id": "73b5025b-2bda-4ebc-8135-d4c02ca14c02",
            "no_fixed_ip": null,
            "no_security_groups": null,
            "port_security_enabled": true,
            "qos_policy_id": "",
            "region": "RegionOne",
            "security_group_ids": [
              "8276130f-1062-4af5-9365-b46d04bc2961",
              "f1e44b52-1857-4833-b9ca-6bc080e6c1a7"
            ],
            "tags": [],
            "tenant_id": "2b51f7f4064248619443e046c7b46f85",
            "timeouts": null,
            "value_specs": null
          },
          "sensitive_attributes": [],
          "identity_schema_version": 0,
          "private": "eyJlMmJmYjczMC1lY2FhLTExZTYtOGY4OC0zNDM2M2JjN2M0YzAiOnsiY3JlYXRlIjo2MDAwMDAwMDAwMDAsImRlbGV0ZSI6NjAwMDAwMDAwMDAwfX0=",
          "dependencies": [
            "openstack_networking_network_v2.generic",
            "openstack_networking_secgroup_v2.http",
            "openstack_networking_secgroup_v2.ssh",
            "openstack_networking_subnet_v2.http"
          ]
        }
      ]
    },
    {
      "mode": "managed",
      "type": "openstack_networking_router_interface_v2",
      "name": "http",
      "provider": "provider[\"registry.terraform.io/terraform-provider-openstack/openstack\"]",
      "instances": [
        {
          "schema_version": 0,
          "attributes": {
            "force_destroy": false,
            "id": "9f5d782c-2b53-4854-85fa-cd642bec26fa",
            "port_id": "9f5d782c-2b53-4854-85fa-cd642bec26fa",
            "region": "RegionOne",
            "router_id": "1c5fb43b-1304-4789-976d-0e63a63a3512",
            "subnet_id": "480dff58-189b-4e20-b436-85f3ca53dd62",
            "timeouts": null
          },
          "sensitive_attributes": [],
          "identity_schema_version": 0,
          "private": "eyJlMmJmYjczMC1lY2FhLTExZTYtOGY4OC0zNDM2M2JjN2M0YzAiOnsiY3JlYXRlIjo2MDAwMDAwMDAwMDAsImRlbGV0ZSI6NjAwMDAwMDAwMDAwfX0=",
          "dependencies": [
            "openstack_networking_network_v2.generic",
            "openstack_networking_router_v2.generic",
            "openstack_networking_subnet_v2.http"
          ]
        }
      ]
    },
    {
      "mode": "managed",
      "type": "openstack_networking_router_v2",
      "name": "generic",
      "provider": "provider[\"registry.terraform.io/terraform-provider-openstack/openstack\"]",
      "instances": [
        {
          "schema_version": 0,
          "attributes": {
            "admin_state_up": true,
            "all_tags": [],
            "availability_zone_hints": [],
            "description": "",
            "distributed": false,
            "enable_snat": true,
            "external_fixed_ip": [
              {
                "ip_address": "172.24.4.200",
                "subnet_id": "f0bc8071-f8ec-4fe1-810b-85607523764c"
              },
              {
                "ip_address": "2001:db8::12e",
                "subnet_id": "fd8d13d5-6b25-418a-9a27-ac1e7cdc0c6e"
              }
            ],
            "external_network_id": "533e181f-36be-4f82-a6d2-90fcc2a12185",
            "external_qos_policy_id": null,
            "external_subnet_ids": null,
            "id": "1c5fb43b-1304-4789-976d-0e63a63a3512",
            "name": "router",
            "region": "RegionOne",
            "tags": [],
            "tenant_id": "2b51f7f4064248619443e046c7b46f85",
            "timeouts": null,
            "value_specs": null,
            "vendor_options": []
          },
          "sensitive_attributes": [],
          "identity_schema_version": 0,
          "private": "eyJlMmJmYjczMC1lY2FhLTExZTYtOGY4OC0zNDM2M2JjN2M0YzAiOnsiY3JlYXRlIjo2MDAwMDAwMDAwMDAsImRlbGV0ZSI6NjAwMDAwMDAwMDAwfX0="
        }
      ]
    },
    {
      "mode": "managed",
      "type": "openstack_networking_secgroup_rule_v2",
      "name": "db",
      "provider": "provider[\"registry.terraform.io/terraform-provider-openstack/openstack\"]",
      "instances": [
        {
          "schema_version": 0,
          "attributes": {
            "description": "",
            "direction": "ingress",
            "ethertype": "IPv4",
            "id": "4509419d-9482-4616-a3bc-8915782b664c",
            "port_range_max": 3306,
            "port_range_min": 3306,
            "protocol": "tcp",
            "region": "RegionOne",
            "remote_address_group_id": "",
            "remote_group_id": "",
            "remote_ip_prefix": "0.0.0.0/0",
            "security_group_id": "5761756d-8bae-408f-8bb9-bb7861fa27d8",
            "tenant_id": "2b51f7f4064248619443e046c7b46f85",
            "timeouts": null
          },
          "sensitive_attributes": [],
          "identity_schema_version": 0,
          "private": "eyJlMmJmYjczMC1lY2FhLTExZTYtOGY4OC0zNDM2M2JjN2M0YzAiOnsiZGVsZXRlIjo2MDAwMDAwMDAwMDB9fQ==",
          "dependencies": [
            "openstack_networking_secgroup_v2.db"
          ]
        }
      ]
    },
    {
      "mode": "managed",
      "type": "openstack_networking_secgroup_rule_v2",
      "name": "http",
      "provider": "provider[\"registry.terraform.io/terraform-provider-openstack/openstack\"]",
      "instances": [
        {
          "schema_version": 0,
          "attributes": {
            "description": "",
            "direction": "ingress",
            "ethertype": "IPv4",
            "id": "2df3985a-8347-44c6-986b-43cd1f7e4572",
            "port_range_max": 80,
            "port_range_min": 80,
            "protocol": "tcp",
            "region": "RegionOne",
            "remote_address_group_id": "",
            "remote_group_id": "",
            "remote_ip_prefix": "0.0.0.0/0",
            "security_group_id": "f1e44b52-1857-4833-b9ca-6bc080e6c1a7",
            "tenant_id": "2b51f7f4064248619443e046c7b46f85",
            "timeouts": null
          },
          "sensitive_attributes": [],
          "identity_schema_version": 0,
          "private": "eyJlMmJmYjczMC1lY2FhLTExZTYtOGY4OC0zNDM2M2JjN2M0YzAiOnsiZGVsZXRlIjo2MDAwMDAwMDAwMDB9fQ==",
          "dependencies": [
            "openstack_networking_secgroup_v2.http"
          ]
        }
      ]
    },
    {
      "mode": "managed",
      "type": "openstack_networking_secgroup_rule_v2",
      "name": "ssh",
      "provider": "provider[\"registry.terraform.io/terraform-provider-openstack/openstack\"]",
      "instances": [
        {
          "schema_version": 0,
          "attributes": {
            "description": "",
            "direction": "ingress",
            "ethertype": "IPv4",
            "id": "715d4c9a-9f0b-4896-a314-6bf8f1d741a6",
            "port_range_max": 22,
            "port_range_min": 22,
            "protocol": "tcp",
            "region": "RegionOne",
            "remote_address_group_id": "",
            "remote_group_id": "",
            "remote_ip_prefix": "0.0.0.0/0",
            "security_group_id": "8276130f-1062-4af5-9365-b46d04bc2961",
            "tenant_id": "2b51f7f4064248619443e046c7b46f85",
            "timeouts": null
          },
          "sensitive_attributes": [],
          "identity_schema_version": 0,
          "private": "eyJlMmJmYjczMC1lY2FhLTExZTYtOGY4OC0zNDM2M2JjN2M0YzAiOnsiZGVsZXRlIjo2MDAwMDAwMDAwMDB9fQ==",
          "dependencies": [
            "openstack_networking_secgroup_v2.ssh"
          ]
        }
      ]
    },
    {
      "mode": "managed",
      "type": "openstack_networking_secgroup_v2",
      "name": "db",
      "provider": "provider[\"registry.terraform.io/terraform-provider-openstack/openstack\"]",
      "instances": [
        {
          "schema_version": 0,
          "attributes": {
            "all_tags": [],
            "delete_default_rules": null,
            "description": "Open input db port",
            "id": "5761756d-8bae-408f-8bb9-bb7861fa27d8",
            "name": "db",
            "region": "RegionOne",
            "stateful": true,
            "tags": [],
            "tenant_id": "2b51f7f4064248619443e046c7b46f85",
            "timeouts": null
          },
          "sensitive_attributes": [],
          "identity_schema_version": 0,
          "private": "eyJlMmJmYjczMC1lY2FhLTExZTYtOGY4OC0zNDM2M2JjN2M0YzAiOnsiZGVsZXRlIjo2MDAwMDAwMDAwMDB9fQ=="
        }
      ]
    },
    {
      "mode": "managed",
      "type": "openstack_networking_secgroup_v2",
      "name": "http",
      "provider": "provider[\"registry.terraform.io/terraform-provider-openstack/openstack\"]",
      "instances": [
        {
          "schema_version": 0,
          "attributes": {
            "all_tags": [],
            "delete_default_rules": null,
            "description": "Open input http port",
            "id": "f1e44b52-1857-4833-b9ca-6bc080e6c1a7",
            "name": "http",
            "region": "RegionOne",
            "stateful": true,
            "tags": [],
            "tenant_id": "2b51f7f4064248619443e046c7b46f85",
            "timeouts": null
          },
          "sensitive_attributes": [],
          "identity_schema_version": 0,
          "private": "eyJlMmJmYjczMC1lY2FhLTExZTYtOGY4OC0zNDM2M2JjN2M0YzAiOnsiZGVsZXRlIjo2MDAwMDAwMDAwMDB9fQ=="
        }
      ]
    },
    {
      "mode": "managed",
      "type": "openstack_networking_secgroup_v2",
      "name": "ssh",
      "provider": "provider[\"registry.terraform.io/terraform-provider-openstack/openstack\"]",
      "instances": [
        {
          "schema_version": 0,
          "attributes": {
            "all_tags": [],
            "delete_default_rules": null,
            "description": "Open input ssh port",
            "id": "8276130f-1062-4af5-9365-b46d04bc2961",
            "name": "ssh",
            "region": "RegionOne",
            "stateful": true,
            "tags": [],
            "tenant_id": "2b51f7f4064248619443e046c7b46f85",
            "timeouts": null
          },
          "sensitive_attributes": [],
          "identity_schema_version": 0,
          "private": "eyJlMmJmYjczMC1lY2FhLTExZTYtOGY4OC0zNDM2M2JjN2M0YzAiOnsiZGVsZXRlIjo2MDAwMDAwMDAwMDB9fQ=="
        }
      ]
    },
    {
      "mode": "managed",
      "type": "openstack_networking_subnet_v2",
      "name": "http",
      "provider": "provider[\"registry.terraform.io/terraform-provider-openstack/openstack\"]",
      "instances": [
        {
          "schema_version": 0,
          "attributes": {
            "all_tags": [],
            "allocation_pool": [
              {
                "end": "192.168.1.254",
                "start": "192.168.1.2"
              }
            ],
            "cidr": "192.168.1.0/24",
            "description": "",
            "dns_nameservers": [
              "8.8.8.8",
              "8.8.8.4"
            ],
            "dns_publish_fixed_ip": false,
            "enable_dhcp": true,
            "gateway_ip": "192.168.1.1",
            "id": "480dff58-189b-4e20-b436-85f3ca53dd62",
            "ip_version": 4,
            "ipv6_address_mode": "",
            "ipv6_ra_mode": "",
            "name": "subnet-http",
            "network_id": "73b5025b-2bda-4ebc-8135-d4c02ca14c02",
            "no_gateway": false,
            "prefix_length": null,
            "region": "RegionOne",
            "segment_id": "",
            "service_types": [],
            "subnetpool_id": "",
            "tags": [],
            "tenant_id": "2b51f7f4064248619443e046c7b46f85",
            "timeouts": null,
            "value_specs": null
          },
          "sensitive_attributes": [],
          "identity_schema_version": 0,
          "private": "eyJlMmJmYjczMC1lY2FhLTExZTYtOGY4OC0zNDM2M2JjN2M0YzAiOnsiY3JlYXRlIjo2MDAwMDAwMDAwMDAsImRlbGV0ZSI6NjAwMDAwMDAwMDAwfX0=",
          "dependencies": [
            "openstack_networking_network_v2.generic"
          ]
        }
      ]
    }
  ],
  "check_results": null
}
